
Microsoft Visual Studio Solution File, Format Version 12.00
# Visual Studio 15
VisualStudioVersion = 15.0.26730.15
MinimumVisualStudioVersion = 10.0.40219.1
Project("{FAE04EC0-301F-11D3-BF4B-00C04F79EFBC}") = "ProjetoMVCTeste", "ProjetoMVCTeste\ProjetoMVCTeste.csproj", "{06CBA0F1-8FEE-4C7C-BA96-0A4F6ECC5514}"
EndProject
Global
	GlobalSection(SolutionConfigurationPlatforms) = preSolution
		Debug|Any CPU = Debug|Any CPU
		Release|Any CPU = Release|Any CPU
	EndGlobalSection
	GlobalSection(ProjectConfigurationPlatforms) = postSolution
		{06CBA0F1-8FEE-4C7C-BA96-0A4F6ECC5514}.Debug|Any CPU.ActiveCfg = Debug|Any CPU
		{06CBA0F1-8FEE-4C7C-BA96-0A4F6ECC5514}.Debug|Any CPU.Build.0 = Debug|Any CPU
		{06CBA0F1-8FEE-4C7C-BA96-0A4F6ECC5514}.Release|Any CPU.ActiveCfg = Release|Any CPU
		{06CBA0F1-8FEE-4C7C-BA96-0A4F6ECC5514}.Release|Any CPU.Build.0 = Release|Any CPU
	EndGlobalSection
	GlobalSection(SolutionProperties) = preSolution
		HideSolutionNode = FALSE
	EndGlobalSection
	GlobalSection(ExtensibilityGlobals) = postSolution
		SolutionGuid = {4D6C45DC-1CEA-4C4D-AD17-236D5B227216}
	EndGlobalSection
EndGlobal
